
Microsoft Visual Studio Solution File, Format Version 12.00
# Visual Studio Version 17
VisualStudioVersion = 17.14.36327.8 d17.14
MinimumVisualStudioVersion = 10.0.40219.1
Project("{FAE04EC0-301F-11D3-BF4B-00C04F79EFBC}") = "HotelBookingWeb", "HotelBookingWeb\HotelBookingWeb.csproj", "{47D6F943-D2B0-457F-83DB-B6B226892075}"
EndProject
Global
	GlobalSection(SolutionConfigurationPlatforms) = preSolution
		Debug|Any CPU = Debug|Any CPU
		Release|Any CPU = Release|Any CPU
	EndGlobalSection
	GlobalSection(ProjectConfigurationPlatforms) = postSolution
		{47D6F943-D2B0-457F-83DB-B6B226892075}.Debug|Any CPU.ActiveCfg = Debug|Any CPU
		{47D6F943-D2B0-457F-83DB-B6B226892075}.Debug|Any CPU.Build.0 = Debug|Any CPU
		{47D6F943-D2B0-457F-83DB-B6B226892075}.Release|Any CPU.ActiveCfg = Release|Any CPU
		{47D6F943-D2B0-457F-83DB-B6B226892075}.Release|Any CPU.Build.0 = Release|Any CPU
	EndGlobalSection
	GlobalSection(SolutionProperties) = preSolution
		HideSolutionNode = FALSE
	EndGlobalSection
	GlobalSection(ExtensibilityGlobals) = postSolution
		SolutionGuid = {690F19C3-DDBB-41F8-A14A-B81E4E25BBEB}
	EndGlobalSection
EndGlobal
