
Microsoft Visual Studio Solution File, Format Version 12.00
# Visual Studio Version 17
VisualStudioVersion = 17.14.36327.8
MinimumVisualStudioVersion = 10.0.40219.1
Project("{FAE04EC0-301F-11D3-BF4B-00C04F79EFBC}") = "HotelBookingWeb", "HotelBookingWeb\HotelBookingWeb.csproj", "{47D6F943-D2B0-457F-83DB-B6B226892075}"
EndProject
Project("{FAE04EC0-301F-11D3-BF4B-00C04F79EFBC}") = "HotelBooking.DataAccess", "HotelBooking.DataAccess\HotelBooking.DataAccess.csproj", "{214E1408-2C01-431E-9865-2E8BB5091D5F}"
EndProject
Project("{FAE04EC0-301F-11D3-BF4B-00C04F79EFBC}") = "HotelBooking.Models", "HotelBooking.Models\HotelBooking.Models.csproj", "{A37ADC12-0D20-43A1-824F-B7F84A5CECEC}"
EndProject
Project("{FAE04EC0-301F-11D3-BF4B-00C04F79EFBC}") = "HotelBooking.Utilities", "HotelBooking.Utilities\HotelBooking.Utilities.csproj", "{390947B8-8324-4E79-ABA4-4C7E6D29CAA8}"
EndProject
Global
	GlobalSection(SolutionConfigurationPlatforms) = preSolution
		Debug|Any CPU = Debug|Any CPU
		Release|Any CPU = Release|Any CPU
	EndGlobalSection
	GlobalSection(ProjectConfigurationPlatforms) = postSolution
		{47D6F943-D2B0-457F-83DB-B6B226892075}.Debug|Any CPU.ActiveCfg = Debug|Any CPU
		{47D6F943-D2B0-457F-83DB-B6B226892075}.Debug|Any CPU.Build.0 = Debug|Any CPU
		{47D6F943-D2B0-457F-83DB-B6B226892075}.Release|Any CPU.ActiveCfg = Release|Any CPU
		{47D6F943-D2B0-457F-83DB-B6B226892075}.Release|Any CPU.Build.0 = Release|Any CPU
		{214E1408-2C01-431E-9865-2E8BB5091D5F}.Debug|Any CPU.ActiveCfg = Debug|Any CPU
		{214E1408-2C01-431E-9865-2E8BB5091D5F}.Debug|Any CPU.Build.0 = Debug|Any CPU
		{214E1408-2C01-431E-9865-2E8BB5091D5F}.Release|Any CPU.ActiveCfg = Release|Any CPU
		{214E1408-2C01-431E-9865-2E8BB5091D5F}.Release|Any CPU.Build.0 = Release|Any CPU
		{A37ADC12-0D20-43A1-824F-B7F84A5CECEC}.Debug|Any CPU.ActiveCfg = Debug|Any CPU
		{A37ADC12-0D20-43A1-824F-B7F84A5CECEC}.Debug|Any CPU.Build.0 = Debug|Any CPU
		{A37ADC12-0D20-43A1-824F-B7F84A5CECEC}.Release|Any CPU.ActiveCfg = Release|Any CPU
		{A37ADC12-0D20-43A1-824F-B7F84A5CECEC}.Release|Any CPU.Build.0 = Release|Any CPU
		{390947B8-8324-4E79-ABA4-4C7E6D29CAA8}.Debug|Any CPU.ActiveCfg = Debug|Any CPU
		{390947B8-8324-4E79-ABA4-4C7E6D29CAA8}.Debug|Any CPU.Build.0 = Debug|Any CPU
		{390947B8-8324-4E79-ABA4-4C7E6D29CAA8}.Release|Any CPU.ActiveCfg = Release|Any CPU
		{390947B8-8324-4E79-ABA4-4C7E6D29CAA8}.Release|Any CPU.Build.0 = Release|Any CPU
	EndGlobalSection
	GlobalSection(SolutionProperties) = preSolution
		HideSolutionNode = FALSE
	EndGlobalSection
	GlobalSection(ExtensibilityGlobals) = postSolution
		SolutionGuid = {690F19C3-DDBB-41F8-A14A-B81E4E25BBEB}
	EndGlobalSection
EndGlobal
